// !$*UTF8*$!
{
	archiveVersion = 1;
	classes = {
	};
	objectVersion = 50;
	objects = {

/* Begin PBXBuildFile section */
		A218EE2122C3C2FC00B43454 /* AppDelegate.swift in Sources */ = {isa = PBXBuildFile; fileRef = A218EE2022C3C2FC00B43454 /* AppDelegate.swift */; };
		A218EE2322C3C2FC00B43454 /* ViewController.swift in Sources */ = {isa = PBXBuildFile; fileRef = A218EE2222C3C2FC00B43454 /* ViewController.swift */; };
		A218EE2622C3C2FC00B43454 /* Main.storyboard in Resources */ = {isa = PBXBuildFile; fileRef = A218EE2422C3C2FC00B43454 /* Main.storyboard */; };
		A218EE2822C3C2FD00B43454 /* Assets.xcassets in Resources */ = {isa = PBXBuildFile; fileRef = A218EE2722C3C2FD00B43454 /* Assets.xcassets */; };
		A218EE2B22C3C2FD00B43454 /* LaunchScreen.storyboard in Resources */ = {isa = PBXBuildFile; fileRef = A218EE2922C3C2FD00B43454 /* LaunchScreen.storyboard */; };
		A218EE3622C3C2FD00B43454 /* MyMoviesTests.swift in Sources */ = {isa = PBXBuildFile; fileRef = A218EE3522C3C2FD00B43454 /* MyMoviesTests.swift */; };
		A218EE4122C3C2FD00B43454 /* MyMoviesUITests.swift in Sources */ = {isa = PBXBuildFile; fileRef = A218EE4022C3C2FD00B43454 /* MyMoviesUITests.swift */; };
		A218EE4F22C3CFCA00B43454 /* SettingsTests.swift in Sources */ = {isa = PBXBuildFile; fileRef = A218EE4E22C3CFC900B43454 /* SettingsTests.swift */; };
/* End PBXBuildFile section */

/* Begin PBXContainerItemProxy section */
		A218EE3222C3C2FD00B43454 /* PBXContainerItemProxy */ = {
			isa = PBXContainerItemProxy;
			containerPortal = A218EE1522C3C2FC00B43454 /* Project object */;
			proxyType = 1;
			remoteGlobalIDString = A218EE1C22C3C2FC00B43454;
			remoteInfo = MyMovies;
		};
		A218EE3D22C3C2FD00B43454 /* PBXContainerItemProxy */ = {
			isa = PBXContainerItemProxy;
			containerPortal = A218EE1522C3C2FC00B43454 /* Project object */;
			proxyType = 1;
			remoteGlobalIDString = A218EE1C22C3C2FC00B43454;
			remoteInfo = MyMovies;
		};
/* End PBXContainerItemProxy section */

/* Begin PBXFileReference section */
		A218EE1D22C3C2FC00B43454 /* MyMovies.app */ = {isa = PBXFileReference; explicitFileType = wrapper.application; includeInIndex = 0; path = MyMovies.app; sourceTree = BUILT_PRODUCTS_DIR; };
		A218EE2022C3C2FC00B43454 /* AppDelegate.swift */ = {isa = PBXFileReference; lastKnownFileType = sourcecode.swift; path = AppDelegate.swift; sourceTree = "<group>"; };
		A218EE2222C3C2FC00B43454 /* ViewController.swift */ = {isa = PBXFileReference; lastKnownFileType = sourcecode.swift; path = ViewController.swift; sourceTree = "<group>"; };
		A218EE2522C3C2FC00B43454 /* Base */ = {isa = PBXFileReference; lastKnownFileType = file.storyboard; name = Base; path = Base.lproj/Main.storyboard; sourceTree = "<group>"; };
		A218EE2722C3C2FD00B43454 /* Assets.xcassets */ = {isa = PBXFileReference; lastKnownFileType = folder.assetcatalog; path = Assets.xcassets; sourceTree = "<group>"; };
		A218EE2A22C3C2FD00B43454 /* Base */ = {isa = PBXFileReference; lastKnownFileType = file.storyboard; name = Base; path = Base.lproj/LaunchScreen.storyboard; sourceTree = "<group>"; };
		A218EE2C22C3C2FD00B43454 /* Info.plist */ = {isa = PBXFileReference; lastKnownFileType = text.plist.xml; path = Info.plist; sourceTree = "<group>"; };
		A218EE3122C3C2FD00B43454 /* MyMoviesTests.xctest */ = {isa = PBXFileReference; explicitFileType = wrapper.cfbundle; includeInIndex = 0; path = MyMoviesTests.xctest; sourceTree = BUILT_PRODUCTS_DIR; };
		A218EE3522C3C2FD00B43454 /* MyMoviesTests.swift */ = {isa = PBXFileReference; lastKnownFileType = sourcecode.swift; path = MyMoviesTests.swift; sourceTree = "<group>"; };
		A218EE3722C3C2FD00B43454 /* Info.plist */ = {isa = PBXFileReference; lastKnownFileType = text.plist.xml; path = Info.plist; sourceTree = "<group>"; };
		A218EE3C22C3C2FD00B43454 /* MyMoviesUITests.xctest */ = {isa = PBXFileReference; explicitFileType = wrapper.cfbundle; includeInIndex = 0; path = MyMoviesUITests.xctest; sourceTree = BUILT_PRODUCTS_DIR; };
		A218EE4022C3C2FD00B43454 /* MyMoviesUITests.swift */ = {isa = PBXFileReference; lastKnownFileType = sourcecode.swift; path = MyMoviesUITests.swift; sourceTree = "<group>"; };
		A218EE4222C3C2FD00B43454 /* Info.plist */ = {isa = PBXFileReference; lastKnownFileType = text.plist.xml; path = Info.plist; sourceTree = "<group>"; };
		A218EE4E22C3CFC900B43454 /* SettingsTests.swift */ = {isa = PBXFileReference; lastKnownFileType = sourcecode.swift; path = SettingsTests.swift; sourceTree = "<group>"; };
/* End PBXFileReference section */

/* Begin PBXFrameworksBuildPhase section */
		A218EE1A22C3C2FC00B43454 /* Frameworks */ = {
			isa = PBXFrameworksBuildPhase;
			buildActionMask = 2147483647;
			files = (
			);
			runOnlyForDeploymentPostprocessing = 0;
		};
		A218EE2E22C3C2FD00B43454 /* Frameworks */ = {
			isa = PBXFrameworksBuildPhase;
			buildActionMask = 2147483647;
			files = (
			);
			runOnlyForDeploymentPostprocessing = 0;
		};
		A218EE3922C3C2FD00B43454 /* Frameworks */ = {
			isa = PBXFrameworksBuildPhase;
			buildActionMask = 2147483647;
			files = (
			);
			runOnlyForDeploymentPostprocessing = 0;
		};
/* End PBXFrameworksBuildPhase section */

/* Begin PBXGroup section */
		A218EE1422C3C2FC00B43454 = {
			isa = PBXGroup;
			children = (
				A218EE1F22C3C2FC00B43454 /* MyMovies */,
				A218EE3422C3C2FD00B43454 /* MyMoviesTests */,
				A218EE3F22C3C2FD00B43454 /* MyMoviesUITests */,
				A218EE1E22C3C2FC00B43454 /* Products */,
			);
			sourceTree = "<group>";
		};
		A218EE1E22C3C2FC00B43454 /* Products */ = {
			isa = PBXGroup;
			children = (
				A218EE1D22C3C2FC00B43454 /* MyMovies.app */,
				A218EE3122C3C2FD00B43454 /* MyMoviesTests.xctest */,
				A218EE3C22C3C2FD00B43454 /* MyMoviesUITests.xctest */,
			);
			name = Products;
			sourceTree = "<group>";
		};
		A218EE1F22C3C2FC00B43454 /* MyMovies */ = {
			isa = PBXGroup;
			children = (
				A218EE2022C3C2FC00B43454 /* AppDelegate.swift */,
				A218EE2222C3C2FC00B43454 /* ViewController.swift */,
				A218EE2422C3C2FC00B43454 /* Main.storyboard */,
				A218EE2722C3C2FD00B43454 /* Assets.xcassets */,
				A218EE2922C3C2FD00B43454 /* LaunchScreen.storyboard */,
				A218EE2C22C3C2FD00B43454 /* Info.plist */,
			);
			path = MyMovies;
			sourceTree = "<group>";
		};
		A218EE3422C3C2FD00B43454 /* MyMoviesTests */ = {
			isa = PBXGroup;
			children = (
				A218EE3522C3C2FD00B43454 /* MyMoviesTests.swift */,
				A218EE3722C3C2FD00B43454 /* Info.plist */,
				A218EE4E22C3CFC900B43454 /* SettingsTests.swift */,
			);
			path = MyMoviesTests;
			sourceTree = "<group>";
		};
		A218EE3F22C3C2FD00B43454 /* MyMoviesUITests */ = {
			isa = PBXGroup;
			children = (
				A218EE4022C3C2FD00B43454 /* MyMoviesUITests.swift */,
				A218EE4222C3C2FD00B43454 /* Info.plist */,
			);
			path = MyMoviesUITests;
			sourceTree = "<group>";
		};
/* End PBXGroup section */

/* Begin PBXNativeTarget section */
		A218EE1C22C3C2FC00B43454 /* MyMovies */ = {
			isa = PBXNativeTarget;
			buildConfigurationList = A218EE4522C3C2FD00B43454 /* Build configuration list for PBXNativeTarget "MyMovies" */;
			buildPhases = (
				A218EE1922C3C2FC00B43454 /* Sources */,
				A218EE1A22C3C2FC00B43454 /* Frameworks */,
				A218EE1B22C3C2FC00B43454 /* Resources */,
			);
			buildRules = (
			);
			dependencies = (
			);
			name = MyMovies;
			productName = MyMovies;
			productReference = A218EE1D22C3C2FC00B43454 /* MyMovies.app */;
			productType = "com.apple.product-type.application";
		};
		A218EE3022C3C2FD00B43454 /* MyMoviesTests */ = {
			isa = PBXNativeTarget;
			buildConfigurationList = A218EE4822C3C2FD00B43454 /* Build configuration list for PBXNativeTarget "MyMoviesTests" */;
			buildPhases = (
				A218EE2D22C3C2FD00B43454 /* Sources */,
				A218EE2E22C3C2FD00B43454 /* Frameworks */,
				A218EE2F22C3C2FD00B43454 /* Resources */,
			);
			buildRules = (
			);
			dependencies = (
				A218EE3322C3C2FD00B43454 /* PBXTargetDependency */,
			);
			name = MyMoviesTests;
			productName = MyMoviesTests;
			productReference = A218EE3122C3C2FD00B43454 /* MyMoviesTests.xctest */;
			productType = "com.apple.product-type.bundle.unit-test";
		};
		A218EE3B22C3C2FD00B43454 /* MyMoviesUITests */ = {
			isa = PBXNativeTarget;
			buildConfigurationList = A218EE4B22C3C2FD00B43454 /* Build configuration list for PBXNativeTarget "MyMoviesUITests" */;
			buildPhases = (
				A218EE3822C3C2FD00B43454 /* Sources */,
				A218EE3922C3C2FD00B43454 /* Frameworks */,
				A218EE3A22C3C2FD00B43454 /* Resources */,
			);
			buildRules = (
			);
			dependencies = (
				A218EE3E22C3C2FD00B43454 /* PBXTargetDependency */,
			);
			name = MyMoviesUITests;
			productName = MyMoviesUITests;
			productReference = A218EE3C22C3C2FD00B43454 /* MyMoviesUITests.xctest */;
			productType = "com.apple.product-type.bundle.ui-testing";
		};
/* End PBXNativeTarget section */

/* Begin PBXProject section */
		A218EE1522C3C2FC00B43454 /* Project object */ = {
			isa = PBXProject;
			attributes = {
				LastSwiftUpdateCheck = 1020;
				LastUpgradeCheck = 1020;
				ORGANIZATIONNAME = "Somkiat Puisungnoen";
				TargetAttributes = {
					A218EE1C22C3C2FC00B43454 = {
						CreatedOnToolsVersion = 10.2.1;
					};
					A218EE3022C3C2FD00B43454 = {
						CreatedOnToolsVersion = 10.2.1;
						TestTargetID = A218EE1C22C3C2FC00B43454;
					};
					A218EE3B22C3C2FD00B43454 = {
						CreatedOnToolsVersion = 10.2.1;
						TestTargetID = A218EE1C22C3C2FC00B43454;
					};
				};
			};
			buildConfigurationList = A218EE1822C3C2FC00B43454 /* Build configuration list for PBXProject "MyMovies" */;
			compatibilityVersion = "Xcode 9.3";
			developmentRegion = en;
			hasScannedForEncodings = 0;
			knownRegions = (
				en,
				Base,
			);
			mainGroup = A218EE1422C3C2FC00B43454;
			productRefGroup = A218EE1E22C3C2FC00B43454 /* Products */;
			projectDirPath = "";
			projectRoot = "";
			targets = (
				A218EE1C22C3C2FC00B43454 /* MyMovies */,
				A218EE3022C3C2FD00B43454 /* MyMoviesTests */,
				A218EE3B22C3C2FD00B43454 /* MyMoviesUITests */,
			);
		};
/* End PBXProject section */

/* Begin PBXResourcesBuildPhase section */
		A218EE1B22C3C2FC00B43454 /* Resources */ = {
			isa = PBXResourcesBuildPhase;
			buildActionMask = 2147483647;
			files = (
				A218EE2B22C3C2FD00B43454 /* LaunchScreen.storyboard in Resources */,
				A218EE2822C3C2FD00B43454 /* Assets.xcassets in Resources */,
				A218EE2622C3C2FC00B43454 /* Main.storyboard in Resources */,
			);
			runOnlyForDeploymentPostprocessing = 0;
		};
		A218EE2F22C3C2FD00B43454 /* Resources */ = {
			isa = PBXResourcesBuildPhase;
			buildActionMask = 2147483647;
			files = (
			);
			runOnlyForDeploymentPostprocessing = 0;
		};
		A218EE3A22C3C2FD00B43454 /* Resources */ = {
			isa = PBXResourcesBuildPhase;
			buildActionMask = 2147483647;
			files = (
			);
			runOnlyForDeploymentPostprocessing = 0;
		};
/* End PBXResourcesBuildPhase section */

/* Begin PBXSourcesBuildPhase section */
		A218EE1922C3C2FC00B43454 /* Sources */ = {
			isa = PBXSourcesBuildPhase;
			buildActionMask = 2147483647;
			files = (
				A218EE2322C3C2FC00B43454 /* ViewController.swift in Sources */,
				A218EE2122C3C2FC00B43454 /* AppDelegate.swift in Sources */,
			);
			runOnlyForDeploymentPostprocessing = 0;
		};
		A218EE2D22C3C2FD00B43454 /* Sources */ = {
			isa = PBXSourcesBuildPhase;
			buildActionMask = 2147483647;
			files = (
				A218EE4F22C3CFCA00B43454 /* SettingsTests.swift in Sources */,
				A218EE3622C3C2FD00B43454 /* MyMoviesTests.swift in Sources */,
			);
			runOnlyForDeploymentPostprocessing = 0;
		};
		A218EE3822C3C2FD00B43454 /* Sources */ = {
			isa = PBXSourcesBuildPhase;
			buildActionMask = 2147483647;
			files = (
				A218EE4122C3C2FD00B43454 /* MyMoviesUITests.swift in Sources */,
			);
			runOnlyForDeploymentPostprocessing = 0;
		};
/* End PBXSourcesBuildPhase section */

/* Begin PBXTargetDependency section */
		A218EE3322C3C2FD00B43454 /* PBXTargetDependency */ = {
			isa = PBXTargetDependency;
			target = A218EE1C22C3C2FC00B43454 /* MyMovies */;
			targetProxy = A218EE3222C3C2FD00B43454 /* PBXContainerItemProxy */;
		};
		A218EE3E22C3C2FD00B43454 /* PBXTargetDependency */ = {
			isa = PBXTargetDependency;
			target = A218EE1C22C3C2FC00B43454 /* MyMovies */;
			targetProxy = A218EE3D22C3C2FD00B43454 /* PBXContainerItemProxy */;
		};
/* End PBXTargetDependency section */

/* Begin PBXVariantGroup section */
		A218EE2422C3C2FC00B43454 /* Main.storyboard */ = {
			isa = PBXVariantGroup;
			children = (
				A218EE2522C3C2FC00B43454 /* Base */,
			);
			name = Main.storyboard;
			sourceTree = "<group>";
		};
		A218EE2922C3C2FD00B43454 /* LaunchScreen.storyboard */ = {
			isa = PBXVariantGroup;
			children = (
				A218EE2A22C3C2FD00B43454 /* Base */,
			);
			name = LaunchScreen.storyboard;
			sourceTree = "<group>";
		};
/* End PBXVariantGroup section */

/* Begin XCBuildConfiguration section */
		A218EE4322C3C2FD00B43454 /* Debug */ = {
			isa = XCBuildConfiguration;
			buildSettings = {
				ALWAYS_SEARCH_USER_PATHS = NO;
				CLANG_ANALYZER_NONNULL = YES;
				CLANG_ANALYZER_NUMBER_OBJECT_CONVERSION = YES_AGGRESSIVE;
				CLANG_CXX_LANGUAGE_STANDARD = "gnu++14";
				CLANG_CXX_LIBRARY = "libc++";
				CLANG_ENABLE_MODULES = YES;
				CLANG_ENABLE_OBJC_ARC = YES;
				CLANG_ENABLE_OBJC_WEAK = YES;
				CLANG_WARN_BLOCK_CAPTURE_AUTORELEASING = YES;
				CLANG_WARN_BOOL_CONVERSION = YES;
				CLANG_WARN_COMMA = YES;
				CLANG_WARN_CONSTANT_CONVERSION = YES;
				CLANG_WARN_DEPRECATED_OBJC_IMPLEMENTATIONS = YES;
				CLANG_WARN_DIRECT_OBJC_ISA_USAGE = YES_ERROR;
				CLANG_WARN_DOCUMENTATION_COMMENTS = YES;
				CLANG_WARN_EMPTY_BODY = YES;
				CLANG_WARN_ENUM_CONVERSION = YES;
				CLANG_WARN_INFINITE_RECURSION = YES;
				CLANG_WARN_INT_CONVERSION = YES;
				CLANG_WARN_NON_LITERAL_NULL_CONVERSION = YES;
				CLANG_WARN_OBJC_IMPLICIT_RETAIN_SELF = YES;
				CLANG_WARN_OBJC_LITERAL_CONVERSION = YES;
				CLANG_WARN_OBJC_ROOT_CLASS = YES_ERROR;
				CLANG_WARN_RANGE_LOOP_ANALYSIS = YES;
				CLANG_WARN_STRICT_PROTOTYPES = YES;
				CLANG_WARN_SUSPICIOUS_MOVE = YES;
				CLANG_WARN_UNGUARDED_AVAILABILITY = YES_AGGRESSIVE;
				CLANG_WARN_UNREACHABLE_CODE = YES;
				CLANG_WARN__DUPLICATE_METHOD_MATCH = YES;
				CODE_SIGN_IDENTITY = "iPhone Developer";
				COPY_PHASE_STRIP = NO;
				DEBUG_INFORMATION_FORMAT = dwarf;
				ENABLE_STRICT_OBJC_MSGSEND = YES;
				ENABLE_TESTABILITY = YES;
				GCC_C_LANGUAGE_STANDARD = gnu11;
				GCC_DYNAMIC_NO_PIC = NO;
				GCC_NO_COMMON_BLOCKS = YES;
				GCC_OPTIMIZATION_LEVEL = 0;
				GCC_PREPROCESSOR_DEFINITIONS = (
					"DEBUG=1",
					"$(inherited)",
				);
				GCC_WARN_64_TO_32_BIT_CONVERSION = YES;
				GCC_WARN_ABOUT_RETURN_TYPE = YES_ERROR;
				GCC_WARN_UNDECLARED_SELECTOR = YES;
				GCC_WARN_UNINITIALIZED_AUTOS = YES_AGGRESSIVE;
				GCC_WARN_UNUSED_FUNCTION = YES;
				GCC_WARN_UNUSED_VARIABLE = YES;
				IPHONEOS_DEPLOYMENT_TARGET = 12.2;
				MTL_ENABLE_DEBUG_INFO = INCLUDE_SOURCE;
				MTL_FAST_MATH = YES;
				ONLY_ACTIVE_ARCH = YES;
				SDKROOT = iphoneos;
				SWIFT_ACTIVE_COMPILATION_CONDITIONS = DEBUG;
				SWIFT_OPTIMIZATION_LEVEL = "-Onone";
			};
			name = Debug;
		};
		A218EE4422C3C2FD00B43454 /* Release */ = {
			isa = XCBuildConfiguration;
			buildSettings = {
				ALWAYS_SEARCH_USER_PATHS = NO;
				CLANG_ANALYZER_NONNULL = YES;
				CLANG_ANALYZER_NUMBER_OBJECT_CONVERSION = YES_AGGRESSIVE;
				CLANG_CXX_LANGUAGE_STANDARD = "gnu++14";
				CLANG_CXX_LIBRARY = "libc++";
				CLANG_ENABLE_MODULES = YES;
				CLANG_ENABLE_OBJC_ARC = YES;
				CLANG_ENABLE_OBJC_WEAK = YES;
				CLANG_WARN_BLOCK_CAPTURE_AUTORELEASING = YES;
				CLANG_WARN_BOOL_CONVERSION = YES;
				CLANG_WARN_COMMA = YES;
				CLANG_WARN_CONSTANT_CONVERSION = YES;
				CLANG_WARN_DEPRECATED_OBJC_IMPLEMENTATIONS = YES;
				CLANG_WARN_DIRECT_OBJC_ISA_USAGE = YES_ERROR;
				CLANG_WARN_DOCUMENTATION_COMMENTS = YES;
				CLANG_WARN_EMPTY_BODY = YES;
				CLANG_WARN_ENUM_CONVERSION = YES;
				CLANG_WARN_INFINITE_RECURSION = YES;
				CLANG_WARN_INT_CONVERSION = YES;
				CLANG_WARN_NON_LITERAL_NULL_CONVERSION = YES;
				CLANG_WARN_OBJC_IMPLICIT_RETAIN_SELF = YES;
				CLANG_WARN_OBJC_LITERAL_CONVERSION = YES;
				CLANG_WARN_OBJC_ROOT_CLASS = YES_ERROR;
				CLANG_WARN_RANGE_LOOP_ANALYSIS = YES;
				CLANG_WARN_STRICT_PROTOTYPES = YES;
				CLANG_WARN_SUSPICIOUS_MOVE = YES;
				CLANG_WARN_UNGUARDED_AVAILABILITY = YES_AGGRESSIVE;
				CLANG_WARN_UNREACHABLE_CODE = YES;
				CLANG_WARN__DUPLICATE_METHOD_MATCH = YES;
				CODE_SIGN_IDENTITY = "iPhone Developer";
				COPY_PHASE_STRIP = NO;
				DEBUG_INFORMATION_FORMAT = "dwarf-with-dsym";
				ENABLE_NS_ASSERTIONS = NO;
				ENABLE_STRICT_OBJC_MSGSEND = YES;
				GCC_C_LANGUAGE_STANDARD = gnu11;
				GCC_NO_COMMON_BLOCKS = YES;
				GCC_WARN_64_TO_32_BIT_CONVERSION = YES;
				GCC_WARN_ABOUT_RETURN_TYPE = YES_ERROR;
				GCC_WARN_UNDECLARED_SELECTOR = YES;
				GCC_WARN_UNINITIALIZED_AUTOS = YES_AGGRESSIVE;
				GCC_WARN_UNUSED_FUNCTION = YES;
				GCC_WARN_UNUSED_VARIABLE = YES;
				IPHONEOS_DEPLOYMENT_TARGET = 12.2;
				MTL_ENABLE_DEBUG_INFO = NO;
				MTL_FAST_MATH = YES;
				SDKROOT = iphoneos;
				SWIFT_COMPILATION_MODE = wholemodule;
				SWIFT_OPTIMIZATION_LEVEL = "-O";
				VALIDATE_PRODUCT = YES;
			};
			name = Release;
		};
		A218EE4622C3C2FD00B43454 /* Debug */ = {
			isa = XCBuildConfiguration;
			buildSettings = {
				ASSETCATALOG_COMPILER_APPICON_NAME = AppIcon;
				CODE_SIGN_STYLE = Automatic;
				DEVELOPMENT_TEAM = "";
				INFOPLIST_FILE = MyMovies/Info.plist;
				LD_RUNPATH_SEARCH_PATHS = (
					"$(inherited)",
					"@executable_path/Frameworks",
				);
				PRODUCT_BUNDLE_IDENTIFIER = test.MyMovies;
				PRODUCT_NAME = "$(TARGET_NAME)";
				SWIFT_VERSION = 5.0;
				TARGETED_DEVICE_FAMILY = "1,2";
			};
			name = Debug;
		};
		A218EE4722C3C2FD00B43454 /* Release */ = {
			isa = XCBuildConfiguration;
			buildSettings = {
				ASSETCATALOG_COMPILER_APPICON_NAME = AppIcon;
				CODE_SIGN_STYLE = Automatic;
				DEVELOPMENT_TEAM = "";
				INFOPLIST_FILE = MyMovies/Info.plist;
				LD_RUNPATH_SEARCH_PATHS = (
					"$(inherited)",
					"@executable_path/Frameworks",
				);
				PRODUCT_BUNDLE_IDENTIFIER = test.MyMovies;
				PRODUCT_NAME = "$(TARGET_NAME)";
				SWIFT_VERSION = 5.0;
				TARGETED_DEVICE_FAMILY = "1,2";
			};
			name = Release;
		};
		A218EE4922C3C2FD00B43454 /* Debug */ = {
			isa = XCBuildConfiguration;
			buildSettings = {
				ALWAYS_EMBED_SWIFT_STANDARD_LIBRARIES = YES;
				BUNDLE_LOADER = "$(TEST_HOST)";
				CODE_SIGN_STYLE = Automatic;
				DEVELOPMENT_TEAM = 3E58HZ3BUZ;
				INFOPLIST_FILE = MyMoviesTests/Info.plist;
				LD_RUNPATH_SEARCH_PATHS = (
					"$(inherited)",
					"@executable_path/Frameworks",
					"@loader_path/Frameworks",
				);
				PRODUCT_BUNDLE_IDENTIFIER = test.MyMoviesTests;
				PRODUCT_NAME = "$(TARGET_NAME)";
				SWIFT_VERSION = 5.0;
				TARGETED_DEVICE_FAMILY = "1,2";
				TEST_HOST = "$(BUILT_PRODUCTS_DIR)/MyMovies.app/MyMovies";
			};
			name = Debug;
		};
		A218EE4A22C3C2FD00B43454 /* Release */ = {
			isa = XCBuildConfiguration;
			buildSettings = {
				ALWAYS_EMBED_SWIFT_STANDARD_LIBRARIES = YES;
				BUNDLE_LOADER = "$(TEST_HOST)";
				CODE_SIGN_STYLE = Automatic;
				DEVELOPMENT_TEAM = 3E58HZ3BUZ;
				INFOPLIST_FILE = MyMoviesTests/Info.plist;
				LD_RUNPATH_SEARCH_PATHS = (
					"$(inherited)",
					"@executable_path/Frameworks",
					"@loader_path/Frameworks",
				);
				PRODUCT_BUNDLE_IDENTIFIER = test.MyMoviesTests;
				PRODUCT_NAME = "$(TARGET_NAME)";
				SWIFT_VERSION = 5.0;
				TARGETED_DEVICE_FAMILY = "1,2";
				TEST_HOST = "$(BUILT_PRODUCTS_DIR)/MyMovies.app/MyMovies";
			};
			name = Release;
		};
		A218EE4C22C3C2FD00B43454 /* Debug */ = {
			isa = XCBuildConfiguration;
			buildSettings = {
				ALWAYS_EMBED_SWIFT_STANDARD_LIBRARIES = YES;
				CODE_SIGN_STYLE = Automatic;
				DEVELOPMENT_TEAM = 3E58HZ3BUZ;
				INFOPLIST_FILE = MyMoviesUITests/Info.plist;
				LD_RUNPATH_SEARCH_PATHS = (
					"$(inherited)",
					"@executable_path/Frameworks",
					"@loader_path/Frameworks",
				);
				PRODUCT_BUNDLE_IDENTIFIER = test.MyMoviesUITests;
				PRODUCT_NAME = "$(TARGET_NAME)";
				SWIFT_VERSION = 5.0;
				TARGETED_DEVICE_FAMILY = "1,2";
				TEST_TARGET_NAME = MyMovies;
			};
			name = Debug;
		};
		A218EE4D22C3C2FD00B43454 /* Release */ = {
			isa = XCBuildConfiguration;
			buildSettings = {
				ALWAYS_EMBED_SWIFT_STANDARD_LIBRARIES = YES;
				CODE_SIGN_STYLE = Automatic;
				DEVELOPMENT_TEAM = 3E58HZ3BUZ;
				INFOPLIST_FILE = MyMoviesUITests/Info.plist;
				LD_RUNPATH_SEARCH_PATHS = (
					"$(inherited)",
					"@executable_path/Frameworks",
					"@loader_path/Frameworks",
				);
				PRODUCT_BUNDLE_IDENTIFIER = test.MyMoviesUITests;
				PRODUCT_NAME = "$(TARGET_NAME)";
				SWIFT_VERSION = 5.0;
				TARGETED_DEVICE_FAMILY = "1,2";
				TEST_TARGET_NAME = MyMovies;
			};
			name = Release;
		};
/* End XCBuildConfiguration section */

/* Begin XCConfigurationList section */
		A218EE1822C3C2FC00B43454 /* Build configuration list for PBXProject "MyMovies" */ = {
			isa = XCConfigurationList;
			buildConfigurations = (
				A218EE4322C3C2FD00B43454 /* Debug */,
				A218EE4422C3C2FD00B43454 /* Release */,
			);
			defaultConfigurationIsVisible = 0;
			defaultConfigurationName = Release;
		};
		A218EE4522C3C2FD00B43454 /* Build configuration list for PBXNativeTarget "MyMovies" */ = {
			isa = XCConfigurationList;
			buildConfigurations = (
				A218EE4622C3C2FD00B43454 /* Debug */,
				A218EE4722C3C2FD00B43454 /* Release */,
			);
			defaultConfigurationIsVisible = 0;
			defaultConfigurationName = Release;
		};
		A218EE4822C3C2FD00B43454 /* Build configuration list for PBXNativeTarget "MyMoviesTests" */ = {
			isa = XCConfigurationList;
			buildConfigurations = (
				A218EE4922C3C2FD00B43454 /* Debug */,
				A218EE4A22C3C2FD00B43454 /* Release */,
			);
			defaultConfigurationIsVisible = 0;
			defaultConfigurationName = Release;
		};
		A218EE4B22C3C2FD00B43454 /* Build configuration list for PBXNativeTarget "MyMoviesUITests" */ = {
			isa = XCConfigurationList;
			buildConfigurations = (
				A218EE4C22C3C2FD00B43454 /* Debug */,
				A218EE4D22C3C2FD00B43454 /* Release */,
			);
			defaultConfigurationIsVisible = 0;
			defaultConfigurationName = Release;
		};
/* End XCConfigurationList section */
	};
	rootObject = A218EE1522C3C2FC00B43454 /* Project object */;
}
